
Microsoft Visual Studio Solution File, Format Version 12.00
# Visual Studio Version 17
VisualStudioVersion = 17.3.32825.248
MinimumVisualStudioVersion = 10.0.40219.1
Project("{FAE04EC0-301F-11D3-BF4B-00C04F79EFBC}") = "Tracer.Core", "lab1 - tracer\Tracer.Core.csproj", "{B33F55AA-8E62-4B27-B5AC-C0F2F17C0FA6}"
EndProject
Project("{FAE04EC0-301F-11D3-BF4B-00C04F79EFBC}") = "Tracer.Example", "Tracer.Example\Tracer.Example.csproj", "{3C07F5E5-E922-4AED-88E2-F0BAE4AD8827}"
EndProject
Global
	GlobalSection(SolutionConfigurationPlatforms) = preSolution
		Debug|Any CPU = Debug|Any CPU
		Release|Any CPU = Release|Any CPU
	EndGlobalSection
	GlobalSection(ProjectConfigurationPlatforms) = postSolution
		{B33F55AA-8E62-4B27-B5AC-C0F2F17C0FA6}.Debug|Any CPU.ActiveCfg = Debug|Any CPU
		{B33F55AA-8E62-4B27-B5AC-C0F2F17C0FA6}.Debug|Any CPU.Build.0 = Debug|Any CPU
		{B33F55AA-8E62-4B27-B5AC-C0F2F17C0FA6}.Release|Any CPU.ActiveCfg = Release|Any CPU
		{B33F55AA-8E62-4B27-B5AC-C0F2F17C0FA6}.Release|Any CPU.Build.0 = Release|Any CPU
		{3C07F5E5-E922-4AED-88E2-F0BAE4AD8827}.Debug|Any CPU.ActiveCfg = Debug|Any CPU
		{3C07F5E5-E922-4AED-88E2-F0BAE4AD8827}.Debug|Any CPU.Build.0 = Debug|Any CPU
		{3C07F5E5-E922-4AED-88E2-F0BAE4AD8827}.Release|Any CPU.ActiveCfg = Release|Any CPU
		{3C07F5E5-E922-4AED-88E2-F0BAE4AD8827}.Release|Any CPU.Build.0 = Release|Any CPU
	EndGlobalSection
	GlobalSection(SolutionProperties) = preSolution
		HideSolutionNode = FALSE
	EndGlobalSection
	GlobalSection(ExtensibilityGlobals) = postSolution
		SolutionGuid = {130FCD21-197C-4321-BF7D-5EFF5BD9F99E}
	EndGlobalSection
EndGlobal
