
Microsoft Visual Studio Solution File, Format Version 12.00
# Visual Studio Version 17
VisualStudioVersion = 17.3.32825.248
MinimumVisualStudioVersion = 10.0.40219.1
Project("{9A19103F-16F7-4668-BE54-9A1E7A4F7556}") = "Tracer", "lab1 - tracer\Tracer.csproj", "{B33F55AA-8E62-4B27-B5AC-C0F2F17C0FA6}"
EndProject
Project("{9A19103F-16F7-4668-BE54-9A1E7A4F7556}") = "Tracer.Example", "Tracer.Example\Tracer.Example.csproj", "{3C07F5E5-E922-4AED-88E2-F0BAE4AD8827}"
EndProject
Project("{9A19103F-16F7-4668-BE54-9A1E7A4F7556}") = "Tracer.Serialization.Abstractions", "Tracer.Serialization.Abstractions\Tracer.Serialization.Abstractions.csproj", "{CE9D7D24-2401-46C6-9F3A-2CF41808186D}"
EndProject
Project("{9A19103F-16F7-4668-BE54-9A1E7A4F7556}") = "Tracer.Serialization", "Tracer.Serialization\Tracer.Serialization.csproj", "{CE3D22E1-79BD-4C73-AAFE-7722044A1653}"
EndProject
Project("{FAE04EC0-301F-11D3-BF4B-00C04F79EFBC}") = "Tracer.Tests", "Tracer.Tests\Tracer.Tests.csproj", "{A6811FE0-089B-42D2-9D7B-2FADC7CA58BA}"
EndProject
Global
	GlobalSection(SolutionConfigurationPlatforms) = preSolution
		Debug|Any CPU = Debug|Any CPU
		Release|Any CPU = Release|Any CPU
	EndGlobalSection
	GlobalSection(ProjectConfigurationPlatforms) = postSolution
		{B33F55AA-8E62-4B27-B5AC-C0F2F17C0FA6}.Debug|Any CPU.ActiveCfg = Debug|Any CPU
		{B33F55AA-8E62-4B27-B5AC-C0F2F17C0FA6}.Debug|Any CPU.Build.0 = Debug|Any CPU
		{B33F55AA-8E62-4B27-B5AC-C0F2F17C0FA6}.Release|Any CPU.ActiveCfg = Release|Any CPU
		{B33F55AA-8E62-4B27-B5AC-C0F2F17C0FA6}.Release|Any CPU.Build.0 = Release|Any CPU
		{3C07F5E5-E922-4AED-88E2-F0BAE4AD8827}.Debug|Any CPU.ActiveCfg = Debug|Any CPU
		{3C07F5E5-E922-4AED-88E2-F0BAE4AD8827}.Debug|Any CPU.Build.0 = Debug|Any CPU
		{3C07F5E5-E922-4AED-88E2-F0BAE4AD8827}.Release|Any CPU.ActiveCfg = Release|Any CPU
		{3C07F5E5-E922-4AED-88E2-F0BAE4AD8827}.Release|Any CPU.Build.0 = Release|Any CPU
		{CE9D7D24-2401-46C6-9F3A-2CF41808186D}.Debug|Any CPU.ActiveCfg = Debug|Any CPU
		{CE9D7D24-2401-46C6-9F3A-2CF41808186D}.Debug|Any CPU.Build.0 = Debug|Any CPU
		{CE9D7D24-2401-46C6-9F3A-2CF41808186D}.Release|Any CPU.ActiveCfg = Release|Any CPU
		{CE9D7D24-2401-46C6-9F3A-2CF41808186D}.Release|Any CPU.Build.0 = Release|Any CPU
		{CE3D22E1-79BD-4C73-AAFE-7722044A1653}.Debug|Any CPU.ActiveCfg = Debug|Any CPU
		{CE3D22E1-79BD-4C73-AAFE-7722044A1653}.Debug|Any CPU.Build.0 = Debug|Any CPU
		{CE3D22E1-79BD-4C73-AAFE-7722044A1653}.Release|Any CPU.ActiveCfg = Release|Any CPU
		{CE3D22E1-79BD-4C73-AAFE-7722044A1653}.Release|Any CPU.Build.0 = Release|Any CPU
		{A6811FE0-089B-42D2-9D7B-2FADC7CA58BA}.Debug|Any CPU.ActiveCfg = Debug|Any CPU
		{A6811FE0-089B-42D2-9D7B-2FADC7CA58BA}.Debug|Any CPU.Build.0 = Debug|Any CPU
		{A6811FE0-089B-42D2-9D7B-2FADC7CA58BA}.Release|Any CPU.ActiveCfg = Release|Any CPU
		{A6811FE0-089B-42D2-9D7B-2FADC7CA58BA}.Release|Any CPU.Build.0 = Release|Any CPU
	EndGlobalSection
	GlobalSection(SolutionProperties) = preSolution
		HideSolutionNode = FALSE
	EndGlobalSection
	GlobalSection(ExtensibilityGlobals) = postSolution
		SolutionGuid = {130FCD21-197C-4321-BF7D-5EFF5BD9F99E}
	EndGlobalSection
EndGlobal
