
Microsoft Visual Studio Solution File, Format Version 12.00
# Visual Studio Version 17
VisualStudioVersion = 17.1.32414.318
MinimumVisualStudioVersion = 10.0.40219.1
Project("{FAE04EC0-301F-11D3-BF4B-00C04F79EFBC}") = "JSON", "JSON\JSON.csproj", "{1E4114E2-1530-4224-954E-821AB99D2CD4}"
EndProject
Project("{9A19103F-16F7-4668-BE54-9A1E7A4F7556}") = "Tracer.Serialization.Abstractions", "..\Tracer\Tracer.Serialization.Abstractions\Tracer.Serialization.Abstractions.csproj", "{975D60D7-3F9A-4B21-9644-37B0E2CD381E}"
EndProject
Project("{FAE04EC0-301F-11D3-BF4B-00C04F79EFBC}") = "XML", "XML\XML.csproj", "{176586A2-8D6E-4AAD-A642-A515473DEB3F}"
EndProject
Project("{FAE04EC0-301F-11D3-BF4B-00C04F79EFBC}") = "YAML", "YAML\YAML.csproj", "{DE768591-3EA8-47CA-88C1-82EE4FB00881}"
EndProject
Project("{FAE04EC0-301F-11D3-BF4B-00C04F79EFBC}") = "Serializable", "Serializable\Serializable.csproj", "{A7C1CDC0-50F5-43AD-91F9-8C5A1DE1097A}"
EndProject
Global
	GlobalSection(SolutionConfigurationPlatforms) = preSolution
		Debug|Any CPU = Debug|Any CPU
		Release|Any CPU = Release|Any CPU
	EndGlobalSection
	GlobalSection(ProjectConfigurationPlatforms) = postSolution
		{1E4114E2-1530-4224-954E-821AB99D2CD4}.Debug|Any CPU.ActiveCfg = Debug|Any CPU
		{1E4114E2-1530-4224-954E-821AB99D2CD4}.Debug|Any CPU.Build.0 = Debug|Any CPU
		{1E4114E2-1530-4224-954E-821AB99D2CD4}.Release|Any CPU.ActiveCfg = Release|Any CPU
		{1E4114E2-1530-4224-954E-821AB99D2CD4}.Release|Any CPU.Build.0 = Release|Any CPU
		{975D60D7-3F9A-4B21-9644-37B0E2CD381E}.Debug|Any CPU.ActiveCfg = Debug|Any CPU
		{975D60D7-3F9A-4B21-9644-37B0E2CD381E}.Debug|Any CPU.Build.0 = Debug|Any CPU
		{975D60D7-3F9A-4B21-9644-37B0E2CD381E}.Release|Any CPU.ActiveCfg = Release|Any CPU
		{975D60D7-3F9A-4B21-9644-37B0E2CD381E}.Release|Any CPU.Build.0 = Release|Any CPU
		{176586A2-8D6E-4AAD-A642-A515473DEB3F}.Debug|Any CPU.ActiveCfg = Debug|Any CPU
		{176586A2-8D6E-4AAD-A642-A515473DEB3F}.Debug|Any CPU.Build.0 = Debug|Any CPU
		{176586A2-8D6E-4AAD-A642-A515473DEB3F}.Release|Any CPU.ActiveCfg = Release|Any CPU
		{176586A2-8D6E-4AAD-A642-A515473DEB3F}.Release|Any CPU.Build.0 = Release|Any CPU
		{DE768591-3EA8-47CA-88C1-82EE4FB00881}.Debug|Any CPU.ActiveCfg = Debug|Any CPU
		{DE768591-3EA8-47CA-88C1-82EE4FB00881}.Debug|Any CPU.Build.0 = Debug|Any CPU
		{DE768591-3EA8-47CA-88C1-82EE4FB00881}.Release|Any CPU.ActiveCfg = Release|Any CPU
		{DE768591-3EA8-47CA-88C1-82EE4FB00881}.Release|Any CPU.Build.0 = Release|Any CPU
		{A7C1CDC0-50F5-43AD-91F9-8C5A1DE1097A}.Debug|Any CPU.ActiveCfg = Debug|Any CPU
		{A7C1CDC0-50F5-43AD-91F9-8C5A1DE1097A}.Debug|Any CPU.Build.0 = Debug|Any CPU
		{A7C1CDC0-50F5-43AD-91F9-8C5A1DE1097A}.Release|Any CPU.ActiveCfg = Release|Any CPU
		{A7C1CDC0-50F5-43AD-91F9-8C5A1DE1097A}.Release|Any CPU.Build.0 = Release|Any CPU
	EndGlobalSection
	GlobalSection(SolutionProperties) = preSolution
		HideSolutionNode = FALSE
	EndGlobalSection
	GlobalSection(ExtensibilityGlobals) = postSolution
		SolutionGuid = {4DAFC629-9744-4F36-9C1A-C936B0617FC9}
	EndGlobalSection
EndGlobal
